
Microsoft Visual Studio Solution File, Format Version 12.00
# Visual Studio Version 16
VisualStudioVersion = 16.0.31729.503
MinimumVisualStudioVersion = 10.0.40219.1
Project("{2150E333-8FDC-42A3-9474-1A3956D46DE8}") = "Microservice", "Microservice", "{DE8E3405-9D6D-4A2A-86FF-7FF7113E25DC}"
EndProject
Project("{2150E333-8FDC-42A3-9474-1A3956D46DE8}") = "Common", "Common", "{CA8D2672-89B4-4234-90C9-68AAB23FDE36}"
EndProject
Project("{2150E333-8FDC-42A3-9474-1A3956D46DE8}") = "Identity", "Identity", "{C9740CC0-DB42-44D3-8153-42916BBC4755}"
EndProject
Project("{9A19103F-16F7-4668-BE54-9A1E7A4F7556}") = "Identity.Api", "Microservices\Identity\Identity.Api\Identity.Api.csproj", "{1A92564C-DD94-40FF-8F1F-6B51B73D6824}"
EndProject
Project("{9A19103F-16F7-4668-BE54-9A1E7A4F7556}") = "Member.Api", "Microservices\Member\Member.Api\Member.Api.csproj", "{D6837C41-42BF-4BF2-9217-60383F3B3264}"
EndProject
Project("{2150E333-8FDC-42A3-9474-1A3956D46DE8}") = "Member", "Member", "{9CCB3B2D-E5BE-4929-8928-F28ED6D83344}"
EndProject
Project("{9A19103F-16F7-4668-BE54-9A1E7A4F7556}") = "Member.CQRS", "Microservices\Member\Member.CQRS\Member.CQRS.csproj", "{021CCCC4-DC34-4B39-A770-CC937EBFDBE8}"
EndProject
Project("{9A19103F-16F7-4668-BE54-9A1E7A4F7556}") = "Member.DAL", "Microservices\Member\Member.DAL\Member.DAL.csproj", "{4CE8FCF6-1674-4078-A850-5F9CE906D51F}"
EndProject
Project("{9A19103F-16F7-4668-BE54-9A1E7A4F7556}") = "Member.DTOs", "Microservices\Member\Member.DTOs\Member.DTOs.csproj", "{05F13DB7-56E9-4A72-AC06-57F1FD047A6B}"
EndProject
Project("{9A19103F-16F7-4668-BE54-9A1E7A4F7556}") = "Member.Models", "Microservices\Member\Member.Models\Member.Models.csproj", "{E20D5852-AEA4-4108-B4F8-18492B3F80A0}"
EndProject
Project("{9A19103F-16F7-4668-BE54-9A1E7A4F7556}") = "Member.Services", "Microservices\Member\Member.Services\Member.Services.csproj", "{0A71EDC1-97F0-467A-9382-3F0AC20B1F32}"
EndProject
Project("{2150E333-8FDC-42A3-9474-1A3956D46DE8}") = "Data", "Data", "{2508962B-6B0D-4F5C-B59F-BD862A6394F9}"
EndProject
Project("{FAE04EC0-301F-11D3-BF4B-00C04F79EFBC}") = "Common.Data.Model", "Common\Data\Common.Data.Model\Common.Data.Model.csproj", "{C96BA1C7-8832-45A1-9958-8D044B06991B}"
EndProject
Project("{2150E333-8FDC-42A3-9474-1A3956D46DE8}") = "DAL", "DAL", "{A74859AA-205F-4440-9F48-A696E5B45877}"
EndProject
Project("{FAE04EC0-301F-11D3-BF4B-00C04F79EFBC}") = "Common.DAL.Repository", "Common.DAL.Repository\Common.DAL.Repository.csproj", "{998979BB-DBB7-4D91-9EA8-8380FD60E7E0}"
EndProject
Global
	GlobalSection(SolutionConfigurationPlatforms) = preSolution
		Debug|Any CPU = Debug|Any CPU
		Release|Any CPU = Release|Any CPU
	EndGlobalSection
	GlobalSection(ProjectConfigurationPlatforms) = postSolution
		{1A92564C-DD94-40FF-8F1F-6B51B73D6824}.Debug|Any CPU.ActiveCfg = Debug|Any CPU
		{1A92564C-DD94-40FF-8F1F-6B51B73D6824}.Debug|Any CPU.Build.0 = Debug|Any CPU
		{1A92564C-DD94-40FF-8F1F-6B51B73D6824}.Release|Any CPU.ActiveCfg = Release|Any CPU
		{1A92564C-DD94-40FF-8F1F-6B51B73D6824}.Release|Any CPU.Build.0 = Release|Any CPU
		{D6837C41-42BF-4BF2-9217-60383F3B3264}.Debug|Any CPU.ActiveCfg = Debug|Any CPU
		{D6837C41-42BF-4BF2-9217-60383F3B3264}.Debug|Any CPU.Build.0 = Debug|Any CPU
		{D6837C41-42BF-4BF2-9217-60383F3B3264}.Release|Any CPU.ActiveCfg = Release|Any CPU
		{D6837C41-42BF-4BF2-9217-60383F3B3264}.Release|Any CPU.Build.0 = Release|Any CPU
		{021CCCC4-DC34-4B39-A770-CC937EBFDBE8}.Debug|Any CPU.ActiveCfg = Debug|Any CPU
		{021CCCC4-DC34-4B39-A770-CC937EBFDBE8}.Debug|Any CPU.Build.0 = Debug|Any CPU
		{021CCCC4-DC34-4B39-A770-CC937EBFDBE8}.Release|Any CPU.ActiveCfg = Release|Any CPU
		{021CCCC4-DC34-4B39-A770-CC937EBFDBE8}.Release|Any CPU.Build.0 = Release|Any CPU
		{4CE8FCF6-1674-4078-A850-5F9CE906D51F}.Debug|Any CPU.ActiveCfg = Debug|Any CPU
		{4CE8FCF6-1674-4078-A850-5F9CE906D51F}.Debug|Any CPU.Build.0 = Debug|Any CPU
		{4CE8FCF6-1674-4078-A850-5F9CE906D51F}.Release|Any CPU.ActiveCfg = Release|Any CPU
		{4CE8FCF6-1674-4078-A850-5F9CE906D51F}.Release|Any CPU.Build.0 = Release|Any CPU
		{05F13DB7-56E9-4A72-AC06-57F1FD047A6B}.Debug|Any CPU.ActiveCfg = Debug|Any CPU
		{05F13DB7-56E9-4A72-AC06-57F1FD047A6B}.Debug|Any CPU.Build.0 = Debug|Any CPU
		{05F13DB7-56E9-4A72-AC06-57F1FD047A6B}.Release|Any CPU.ActiveCfg = Release|Any CPU
		{05F13DB7-56E9-4A72-AC06-57F1FD047A6B}.Release|Any CPU.Build.0 = Release|Any CPU
		{E20D5852-AEA4-4108-B4F8-18492B3F80A0}.Debug|Any CPU.ActiveCfg = Debug|Any CPU
		{E20D5852-AEA4-4108-B4F8-18492B3F80A0}.Debug|Any CPU.Build.0 = Debug|Any CPU
		{E20D5852-AEA4-4108-B4F8-18492B3F80A0}.Release|Any CPU.ActiveCfg = Release|Any CPU
		{E20D5852-AEA4-4108-B4F8-18492B3F80A0}.Release|Any CPU.Build.0 = Release|Any CPU
		{0A71EDC1-97F0-467A-9382-3F0AC20B1F32}.Debug|Any CPU.ActiveCfg = Debug|Any CPU
		{0A71EDC1-97F0-467A-9382-3F0AC20B1F32}.Debug|Any CPU.Build.0 = Debug|Any CPU
		{0A71EDC1-97F0-467A-9382-3F0AC20B1F32}.Release|Any CPU.ActiveCfg = Release|Any CPU
		{0A71EDC1-97F0-467A-9382-3F0AC20B1F32}.Release|Any CPU.Build.0 = Release|Any CPU
		{C96BA1C7-8832-45A1-9958-8D044B06991B}.Debug|Any CPU.ActiveCfg = Debug|Any CPU
		{C96BA1C7-8832-45A1-9958-8D044B06991B}.Debug|Any CPU.Build.0 = Debug|Any CPU
		{C96BA1C7-8832-45A1-9958-8D044B06991B}.Release|Any CPU.ActiveCfg = Release|Any CPU
		{C96BA1C7-8832-45A1-9958-8D044B06991B}.Release|Any CPU.Build.0 = Release|Any CPU
		{998979BB-DBB7-4D91-9EA8-8380FD60E7E0}.Debug|Any CPU.ActiveCfg = Debug|Any CPU
		{998979BB-DBB7-4D91-9EA8-8380FD60E7E0}.Debug|Any CPU.Build.0 = Debug|Any CPU
		{998979BB-DBB7-4D91-9EA8-8380FD60E7E0}.Release|Any CPU.ActiveCfg = Release|Any CPU
		{998979BB-DBB7-4D91-9EA8-8380FD60E7E0}.Release|Any CPU.Build.0 = Release|Any CPU
	EndGlobalSection
	GlobalSection(SolutionProperties) = preSolution
		HideSolutionNode = FALSE
	EndGlobalSection
	GlobalSection(NestedProjects) = preSolution
		{C9740CC0-DB42-44D3-8153-42916BBC4755} = {DE8E3405-9D6D-4A2A-86FF-7FF7113E25DC}
		{1A92564C-DD94-40FF-8F1F-6B51B73D6824} = {C9740CC0-DB42-44D3-8153-42916BBC4755}
		{D6837C41-42BF-4BF2-9217-60383F3B3264} = {9CCB3B2D-E5BE-4929-8928-F28ED6D83344}
		{9CCB3B2D-E5BE-4929-8928-F28ED6D83344} = {DE8E3405-9D6D-4A2A-86FF-7FF7113E25DC}
		{021CCCC4-DC34-4B39-A770-CC937EBFDBE8} = {9CCB3B2D-E5BE-4929-8928-F28ED6D83344}
		{4CE8FCF6-1674-4078-A850-5F9CE906D51F} = {9CCB3B2D-E5BE-4929-8928-F28ED6D83344}
		{05F13DB7-56E9-4A72-AC06-57F1FD047A6B} = {9CCB3B2D-E5BE-4929-8928-F28ED6D83344}
		{E20D5852-AEA4-4108-B4F8-18492B3F80A0} = {9CCB3B2D-E5BE-4929-8928-F28ED6D83344}
		{0A71EDC1-97F0-467A-9382-3F0AC20B1F32} = {9CCB3B2D-E5BE-4929-8928-F28ED6D83344}
		{2508962B-6B0D-4F5C-B59F-BD862A6394F9} = {CA8D2672-89B4-4234-90C9-68AAB23FDE36}
		{C96BA1C7-8832-45A1-9958-8D044B06991B} = {2508962B-6B0D-4F5C-B59F-BD862A6394F9}
		{A74859AA-205F-4440-9F48-A696E5B45877} = {CA8D2672-89B4-4234-90C9-68AAB23FDE36}
		{998979BB-DBB7-4D91-9EA8-8380FD60E7E0} = {A74859AA-205F-4440-9F48-A696E5B45877}
	EndGlobalSection
	GlobalSection(ExtensibilityGlobals) = postSolution
		SolutionGuid = {5E7CE070-32C0-415F-8EBC-999AE33A31BB}
	EndGlobalSection
EndGlobal
